
Microsoft Visual Studio Solution File, Format Version 12.00
# Visual Studio Version 17
VisualStudioVersion = 17.6.33723.286
MinimumVisualStudioVersion = 10.0.40219.1
Project("{FAE04EC0-301F-11D3-BF4B-00C04F79EFBC}") = "TrenReservationApi", "TrenReservationApi\TrenReservationApi.csproj", "{594759C7-C62B-4F62-B691-D9139110765E}"
EndProject
Global
	GlobalSection(SolutionConfigurationPlatforms) = preSolution
		Debug|Any CPU = Debug|Any CPU
		Release|Any CPU = Release|Any CPU
	EndGlobalSection
	GlobalSection(ProjectConfigurationPlatforms) = postSolution
		{594759C7-C62B-4F62-B691-D9139110765E}.Debug|Any CPU.ActiveCfg = Debug|Any CPU
		{594759C7-C62B-4F62-B691-D9139110765E}.Debug|Any CPU.Build.0 = Debug|Any CPU
		{594759C7-C62B-4F62-B691-D9139110765E}.Release|Any CPU.ActiveCfg = Release|Any CPU
		{594759C7-C62B-4F62-B691-D9139110765E}.Release|Any CPU.Build.0 = Release|Any CPU
	EndGlobalSection
	GlobalSection(SolutionProperties) = preSolution
		HideSolutionNode = FALSE
	EndGlobalSection
	GlobalSection(ExtensibilityGlobals) = postSolution
		SolutionGuid = {B52CB1C0-ED28-43C4-963D-937AEEA5BB08}
	EndGlobalSection
EndGlobal
